github.com/motah-fard/geom3d v1.1.0 h1:HkRzIIix+Lge136DUVyUeGPlcx+7jOdAGqkf6PyAVXg=
github.com/motah-fard/geom3d v1.1.0/go.mod h1:qyydUFDmpOcjstnSjouvEHjxiQXqGXJVnG2lZkvPy7U=
github.com/motah-fard/geom3d v1.1.2 h1:AWNRmGr9m+irE7EOBX8FwUNBz0ymU6a800KlM4PBWPc=
github.com/motah-fard/geom3d v1.1.2/go.mod h1:qyydUFDmpOcjstnSjouvEHjxiQXqGXJVnG2lZkvPy7U=
